// !$*UTF8*$!
{
	archiveVersion = 1;
	classes = {
	};
	objectVersion = 46;
	objects = {

/* Begin PBXBuildFile section */
		413AFFAC201D8FD50018EAA4 /* PlayerViewInteractive.swift in Sources */ = {isa = PBXBuildFile; fileRef = 413AFFAB201D8FD50018EAA4 /* PlayerViewInteractive.swift */; };
		41761FE8201D58090060B175 /* PlaylistsController.swift in Sources */ = {isa = PBXBuildFile; fileRef = 41761FE7201D58090060B175 /* PlaylistsController.swift */; };
		41761FEA201D58170060B175 /* PlaylistController.swift in Sources */ = {isa = PBXBuildFile; fileRef = 41761FE9201D58170060B175 /* PlaylistController.swift */; };
		41761FEC201D58D80060B175 /* RootNavigationController.swift in Sources */ = {isa = PBXBuildFile; fileRef = 41761FEB201D58D80060B175 /* RootNavigationController.swift */; };
		41761FEF201D5C590060B175 /* BaseAnimator.swift in Sources */ = {isa = PBXBuildFile; fileRef = 41761FEE201D5C590060B175 /* BaseAnimator.swift */; };
		41761FF1201D5FA90060B175 /* PlayerViewAnimator.swift in Sources */ = {isa = PBXBuildFile; fileRef = 41761FF0201D5FA90060B175 /* PlayerViewAnimator.swift */; };
		41761FF8201D62610060B175 /* Color.swift in Sources */ = {isa = PBXBuildFile; fileRef = 41761FF7201D62610060B175 /* Color.swift */; };
		41875EED2018052D000BE0D3 /* AppDelegate.swift in Sources */ = {isa = PBXBuildFile; fileRef = 41875EEC2018052D000BE0D3 /* AppDelegate.swift */; };
		41875EF22018052D000BE0D3 /* Main.storyboard in Resources */ = {isa = PBXBuildFile; fileRef = 41875EF02018052D000BE0D3 /* Main.storyboard */; };
		41875EF42018052D000BE0D3 /* Assets.xcassets in Resources */ = {isa = PBXBuildFile; fileRef = 41875EF32018052D000BE0D3 /* Assets.xcassets */; };
		41875EF72018052D000BE0D3 /* LaunchScreen.storyboard in Resources */ = {isa = PBXBuildFile; fileRef = 41875EF52018052D000BE0D3 /* LaunchScreen.storyboard */; };
		41875F0E2018056E000BE0D3 /* Song.swift in Sources */ = {isa = PBXBuildFile; fileRef = 41875F0C2018056E000BE0D3 /* Song.swift */; };
		41875F0F2018056E000BE0D3 /* Playlist.swift in Sources */ = {isa = PBXBuildFile; fileRef = 41875F0D2018056E000BE0D3 /* Playlist.swift */; };
		41C38ABF201E9F3F00991466 /* Slider.swift in Sources */ = {isa = PBXBuildFile; fileRef = 41C38ABE201E9F3F00991466 /* Slider.swift */; };
		41D20D1E201A9F920050A526 /* List2d.swift in Sources */ = {isa = PBXBuildFile; fileRef = 41D20D1D201A9F920050A526 /* List2d.swift */; };
		41D20D20201AA1400050A526 /* List2dTests.swift in Sources */ = {isa = PBXBuildFile; fileRef = 41D20D1F201AA1400050A526 /* List2dTests.swift */; };
		41F23402201D7EA8008F85FA /* PlayerController.swift in Sources */ = {isa = PBXBuildFile; fileRef = 41F23400201D7EA8008F85FA /* PlayerController.swift */; };
		41F23403201D7EA8008F85FA /* PlayerController.xib in Resources */ = {isa = PBXBuildFile; fileRef = 41F23401201D7EA8008F85FA /* PlayerController.xib */; };
		41F23405201D7F80008F85FA /* Handle.swift in Sources */ = {isa = PBXBuildFile; fileRef = 41F23404201D7F80008F85FA /* Handle.swift */; };
		F4215A25AE8B5E06AAE5C3C5 /* Pods_SimplePlayer.framework in Frameworks */ = {isa = PBXBuildFile; fileRef = 64675F5BCB71CEA76DE3C3AE /* Pods_SimplePlayer.framework */; };
/* End PBXBuildFile section */

/* Begin PBXContainerItemProxy section */
		41D20D12201A9CAF0050A526 /* PBXContainerItemProxy */ = {
			isa = PBXContainerItemProxy;
			containerPortal = 41875EE12018052D000BE0D3 /* Project object */;
			proxyType = 1;
			remoteGlobalIDString = 41875EE82018052D000BE0D3;
			remoteInfo = SimplePlayer;
		};
/* End PBXContainerItemProxy section */

/* Begin PBXFileReference section */
		413AFFAB201D8FD50018EAA4 /* PlayerViewInteractive.swift */ = {isa = PBXFileReference; fileEncoding = 4; lastKnownFileType = sourcecode.swift; path = PlayerViewInteractive.swift; sourceTree = "<group>"; };
		41761FE7201D58090060B175 /* PlaylistsController.swift */ = {isa = PBXFileReference; fileEncoding = 4; lastKnownFileType = sourcecode.swift; path = PlaylistsController.swift; sourceTree = "<group>"; };
		41761FE9201D58170060B175 /* PlaylistController.swift */ = {isa = PBXFileReference; fileEncoding = 4; lastKnownFileType = sourcecode.swift; path = PlaylistController.swift; sourceTree = "<group>"; };
		41761FEB201D58D80060B175 /* RootNavigationController.swift */ = {isa = PBXFileReference; fileEncoding = 4; lastKnownFileType = sourcecode.swift; path = RootNavigationController.swift; sourceTree = "<group>"; };
		41761FEE201D5C590060B175 /* BaseAnimator.swift */ = {isa = PBXFileReference; fileEncoding = 4; lastKnownFileType = sourcecode.swift; path = BaseAnimator.swift; sourceTree = "<group>"; };
		41761FF0201D5FA90060B175 /* PlayerViewAnimator.swift */ = {isa = PBXFileReference; fileEncoding = 4; lastKnownFileType = sourcecode.swift; path = PlayerViewAnimator.swift; sourceTree = "<group>"; };
		41761FF7201D62610060B175 /* Color.swift */ = {isa = PBXFileReference; fileEncoding = 4; lastKnownFileType = sourcecode.swift; path = Color.swift; sourceTree = "<group>"; };
		41875EE92018052D000BE0D3 /* SimplePlayer.app */ = {isa = PBXFileReference; explicitFileType = wrapper.application; includeInIndex = 0; path = SimplePlayer.app; sourceTree = BUILT_PRODUCTS_DIR; };
		41875EEC2018052D000BE0D3 /* AppDelegate.swift */ = {isa = PBXFileReference; lastKnownFileType = sourcecode.swift; path = AppDelegate.swift; sourceTree = "<group>"; };
		41875EF12018052D000BE0D3 /* Base */ = {isa = PBXFileReference; lastKnownFileType = file.storyboard; name = Base; path = Base.lproj/Main.storyboard; sourceTree = "<group>"; };
		41875EF32018052D000BE0D3 /* Assets.xcassets */ = {isa = PBXFileReference; lastKnownFileType = folder.assetcatalog; path = Assets.xcassets; sourceTree = "<group>"; };
		41875EF62018052D000BE0D3 /* Base */ = {isa = PBXFileReference; lastKnownFileType = file.storyboard; name = Base; path = Base.lproj/LaunchScreen.storyboard; sourceTree = "<group>"; };
		41875EF82018052D000BE0D3 /* Info.plist */ = {isa = PBXFileReference; lastKnownFileType = text.plist.xml; path = Info.plist; sourceTree = "<group>"; };
		41875F0C2018056E000BE0D3 /* Song.swift */ = {isa = PBXFileReference; fileEncoding = 4; lastKnownFileType = sourcecode.swift; path = Song.swift; sourceTree = "<group>"; };
		41875F0D2018056E000BE0D3 /* Playlist.swift */ = {isa = PBXFileReference; fileEncoding = 4; lastKnownFileType = sourcecode.swift; path = Playlist.swift; sourceTree = "<group>"; };
		41C38ABE201E9F3F00991466 /* Slider.swift */ = {isa = PBXFileReference; fileEncoding = 4; lastKnownFileType = sourcecode.swift; path = Slider.swift; sourceTree = "<group>"; };
		41D20D0D201A9CAF0050A526 /* SimplePlayerTests.xctest */ = {isa = PBXFileReference; explicitFileType = wrapper.cfbundle; includeInIndex = 0; path = SimplePlayerTests.xctest; sourceTree = BUILT_PRODUCTS_DIR; };
		41D20D19201A9D870050A526 /* Info.plist */ = {isa = PBXFileReference; fileEncoding = 4; lastKnownFileType = text.plist.xml; path = Info.plist; sourceTree = "<group>"; };
		41D20D1D201A9F920050A526 /* List2d.swift */ = {isa = PBXFileReference; fileEncoding = 4; lastKnownFileType = sourcecode.swift; path = List2d.swift; sourceTree = "<group>"; };
		41D20D1F201AA1400050A526 /* List2dTests.swift */ = {isa = PBXFileReference; fileEncoding = 4; lastKnownFileType = sourcecode.swift; path = List2dTests.swift; sourceTree = "<group>"; };
		41F23400201D7EA8008F85FA /* PlayerController.swift */ = {isa = PBXFileReference; fileEncoding = 4; lastKnownFileType = sourcecode.swift; path = PlayerController.swift; sourceTree = "<group>"; };
		41F23401201D7EA8008F85FA /* PlayerController.xib */ = {isa = PBXFileReference; fileEncoding = 4; lastKnownFileType = file.xib; path = PlayerController.xib; sourceTree = "<group>"; };
		41F23404201D7F80008F85FA /* Handle.swift */ = {isa = PBXFileReference; fileEncoding = 4; lastKnownFileType = sourcecode.swift; path = Handle.swift; sourceTree = "<group>"; };
		64675F5BCB71CEA76DE3C3AE /* Pods_SimplePlayer.framework */ = {isa = PBXFileReference; explicitFileType = wrapper.framework; includeInIndex = 0; path = Pods_SimplePlayer.framework; sourceTree = BUILT_PRODUCTS_DIR; };
		AB2EFEC633A83278EFA5302F /* Pods-SimplePlayer.release.xcconfig */ = {isa = PBXFileReference; includeInIndex = 1; lastKnownFileType = text.xcconfig; name = "Pods-SimplePlayer.release.xcconfig"; path = "Pods/Target Support Files/Pods-SimplePlayer/Pods-SimplePlayer.release.xcconfig"; sourceTree = "<group>"; };
		BE67029302B307FD10D42DED /* Pods-SimplePlayer.debug.xcconfig */ = {isa = PBXFileReference; includeInIndex = 1; lastKnownFileType = text.xcconfig; name = "Pods-SimplePlayer.debug.xcconfig"; path = "Pods/Target Support Files/Pods-SimplePlayer/Pods-SimplePlayer.debug.xcconfig"; sourceTree = "<group>"; };
/* End PBXFileReference section */

/* Begin PBXFrameworksBuildPhase section */
		41875EE62018052D000BE0D3 /* Frameworks */ = {
			isa = PBXFrameworksBuildPhase;
			buildActionMask = 2147483647;
			files = (
				F4215A25AE8B5E06AAE5C3C5 /* Pods_SimplePlayer.framework in Frameworks */,
			);
			runOnlyForDeploymentPostprocessing = 0;
		};
		41D20D0A201A9CAF0050A526 /* Frameworks */ = {
			isa = PBXFrameworksBuildPhase;
			buildActionMask = 2147483647;
			files = (
			);
			runOnlyForDeploymentPostprocessing = 0;
		};
/* End PBXFrameworksBuildPhase section */

/* Begin PBXGroup section */
		3DF7D9EA0C1E6115C6DB7F70 /* Pods */ = {
			isa = PBXGroup;
			children = (
				BE67029302B307FD10D42DED /* Pods-SimplePlayer.debug.xcconfig */,
				AB2EFEC633A83278EFA5302F /* Pods-SimplePlayer.release.xcconfig */,
			);
			name = Pods;
			sourceTree = "<group>";
		};
		41761FE6201D576B0060B175 /* controllers */ = {
			isa = PBXGroup;
			children = (
				41761FE7201D58090060B175 /* PlaylistsController.swift */,
				41761FE9201D58170060B175 /* PlaylistController.swift */,
				41761FEB201D58D80060B175 /* RootNavigationController.swift */,
				41F23400201D7EA8008F85FA /* PlayerController.swift */,
				41F23401201D7EA8008F85FA /* PlayerController.xib */,
			);
			name = controllers;
			sourceTree = "<group>";
		};
		41761FED201D5C190060B175 /* animators */ = {
			isa = PBXGroup;
			children = (
				41761FEE201D5C590060B175 /* BaseAnimator.swift */,
				41761FF0201D5FA90060B175 /* PlayerViewAnimator.swift */,
				413AFFAB201D8FD50018EAA4 /* PlayerViewInteractive.swift */,
			);
			name = animators;
			sourceTree = "<group>";
		};
		41761FF2201D60F50060B175 /* views */ = {
			isa = PBXGroup;
			children = (
				41F23404201D7F80008F85FA /* Handle.swift */,
				41C38ABE201E9F3F00991466 /* Slider.swift */,
			);
			name = views;
			sourceTree = "<group>";
		};
		41875EE02018052D000BE0D3 = {
			isa = PBXGroup;
			children = (
				41875EEB2018052D000BE0D3 /* SimplePlayer */,
				41D20D0E201A9CAF0050A526 /* SimplePlayerTests */,
				41875EEA2018052D000BE0D3 /* Products */,
				3DF7D9EA0C1E6115C6DB7F70 /* Pods */,
				979F982664FE5F847420D7EE /* Frameworks */,
			);
			sourceTree = "<group>";
		};
		41875EEA2018052D000BE0D3 /* Products */ = {
			isa = PBXGroup;
			children = (
				41875EE92018052D000BE0D3 /* SimplePlayer.app */,
				41D20D0D201A9CAF0050A526 /* SimplePlayerTests.xctest */,
			);
			name = Products;
			sourceTree = "<group>";
		};
		41875EEB2018052D000BE0D3 /* SimplePlayer */ = {
			isa = PBXGroup;
			children = (
				41761FF2201D60F50060B175 /* views */,
				41761FE6201D576B0060B175 /* controllers */,
				41875F1020180573000BE0D3 /* lib */,
				41875EEC2018052D000BE0D3 /* AppDelegate.swift */,
				41875EF02018052D000BE0D3 /* Main.storyboard */,
				41875EF32018052D000BE0D3 /* Assets.xcassets */,
				41875EF52018052D000BE0D3 /* LaunchScreen.storyboard */,
				41875EF82018052D000BE0D3 /* Info.plist */,
			);
			path = SimplePlayer;
			sourceTree = "<group>";
		};
		41875F1020180573000BE0D3 /* lib */ = {
			isa = PBXGroup;
			children = (
				41761FED201D5C190060B175 /* animators */,
				41F233FE201D7735008F85FA /* core */,
				41F233FF201D773A008F85FA /* extensions */,
			);
			name = lib;
			sourceTree = "<group>";
		};
		41D20D0E201A9CAF0050A526 /* SimplePlayerTests */ = {
			isa = PBXGroup;
			children = (
				41D20D19201A9D870050A526 /* Info.plist */,
				41D20D1F201AA1400050A526 /* List2dTests.swift */,
			);
			path = SimplePlayerTests;
			sourceTree = "<group>";
		};
		41F233FE201D7735008F85FA /* core */ = {
			isa = PBXGroup;
			children = (
				41875F0D2018056E000BE0D3 /* Playlist.swift */,
				41875F0C2018056E000BE0D3 /* Song.swift */,
				41D20D1D201A9F920050A526 /* List2d.swift */,
			);
			name = core;
			sourceTree = "<group>";
		};
		41F233FF201D773A008F85FA /* extensions */ = {
			isa = PBXGroup;
			children = (
				41761FF7201D62610060B175 /* Color.swift */,
			);
			name = extensions;
			sourceTree = "<group>";
		};
		979F982664FE5F847420D7EE /* Frameworks */ = {
			isa = PBXGroup;
			children = (
				64675F5BCB71CEA76DE3C3AE /* Pods_SimplePlayer.framework */,
			);
			name = Frameworks;
			sourceTree = "<group>";
		};
/* End PBXGroup section */

/* Begin PBXNativeTarget section */
		41875EE82018052D000BE0D3 /* SimplePlayer */ = {
			isa = PBXNativeTarget;
			buildConfigurationList = 41875F062018052D000BE0D3 /* Build configuration list for PBXNativeTarget "SimplePlayer" */;
			buildPhases = (
				D8F810552BA51B87A4278F2D /* [CP] Check Pods Manifest.lock */,
				41875EE52018052D000BE0D3 /* Sources */,
				41875EE62018052D000BE0D3 /* Frameworks */,
				41875EE72018052D000BE0D3 /* Resources */,
				B9CB8718A8944E777D5715D6 /* [CP] Embed Pods Frameworks */,
				14B1216FD6290BBE26DB3942 /* [CP] Copy Pods Resources */,
			);
			buildRules = (
			);
			dependencies = (
			);
			name = SimplePlayer;
			productName = SimplePlayer;
			productReference = 41875EE92018052D000BE0D3 /* SimplePlayer.app */;
			productType = "com.apple.product-type.application";
		};
		41D20D0C201A9CAF0050A526 /* SimplePlayerTests */ = {
			isa = PBXNativeTarget;
			buildConfigurationList = 41D20D14201A9CAF0050A526 /* Build configuration list for PBXNativeTarget "SimplePlayerTests" */;
			buildPhases = (
				41D20D09201A9CAF0050A526 /* Sources */,
				41D20D0A201A9CAF0050A526 /* Frameworks */,
				41D20D0B201A9CAF0050A526 /* Resources */,
			);
			buildRules = (
			);
			dependencies = (
				41D20D13201A9CAF0050A526 /* PBXTargetDependency */,
			);
			name = SimplePlayerTests;
			productName = SimplePlayerTests;
			productReference = 41D20D0D201A9CAF0050A526 /* SimplePlayerTests.xctest */;
			productType = "com.apple.product-type.bundle.unit-test";
		};
/* End PBXNativeTarget section */

/* Begin PBXProject section */
		41875EE12018052D000BE0D3 /* Project object */ = {
			isa = PBXProject;
			attributes = {
				LastSwiftUpdateCheck = 0820;
				LastUpgradeCheck = 0820;
				ORGANIZATIONNAME = "vanya elizarov";
				TargetAttributes = {
					41875EE82018052D000BE0D3 = {
						CreatedOnToolsVersion = 8.2;
						DevelopmentTeam = 438ES9475K;
						ProvisioningStyle = Automatic;
					};
					41D20D0C201A9CAF0050A526 = {
						CreatedOnToolsVersion = 8.2;
						DevelopmentTeam = 438ES9475K;
						ProvisioningStyle = Automatic;
						TestTargetID = 41875EE82018052D000BE0D3;
					};
				};
			};
			buildConfigurationList = 41875EE42018052D000BE0D3 /* Build configuration list for PBXProject "SimplePlayer" */;
			compatibilityVersion = "Xcode 3.2";
			developmentRegion = English;
			hasScannedForEncodings = 0;
			knownRegions = (
				en,
				Base,
			);
			mainGroup = 41875EE02018052D000BE0D3;
			productRefGroup = 41875EEA2018052D000BE0D3 /* Products */;
			projectDirPath = "";
			projectRoot = "";
			targets = (
				41875EE82018052D000BE0D3 /* SimplePlayer */,
				41D20D0C201A9CAF0050A526 /* SimplePlayerTests */,
			);
		};
/* End PBXProject section */

/* Begin PBXResourcesBuildPhase section */
		41875EE72018052D000BE0D3 /* Resources */ = {
			isa = PBXResourcesBuildPhase;
			buildActionMask = 2147483647;
			files = (
				41875EF72018052D000BE0D3 /* LaunchScreen.storyboard in Resources */,
				41875EF42018052D000BE0D3 /* Assets.xcassets in Resources */,
				41875EF22018052D000BE0D3 /* Main.storyboard in Resources */,
				41F23403201D7EA8008F85FA /* PlayerController.xib in Resources */,
			);
			runOnlyForDeploymentPostprocessing = 0;
		};
		41D20D0B201A9CAF0050A526 /* Resources */ = {
			isa = PBXResourcesBuildPhase;
			buildActionMask = 2147483647;
			files = (
			);
			runOnlyForDeploymentPostprocessing = 0;
		};
/* End PBXResourcesBuildPhase section */

/* Begin PBXShellScriptBuildPhase section */
		14B1216FD6290BBE26DB3942 /* [CP] Copy Pods Resources */ = {
			isa = PBXShellScriptBuildPhase;
			buildActionMask = 2147483647;
			files = (
			);
			inputPaths = (
			);
			name = "[CP] Copy Pods Resources";
			outputPaths = (
			);
			runOnlyForDeploymentPostprocessing = 0;
			shellPath = /bin/sh;
			shellScript = "\"${SRCROOT}/Pods/Target Support Files/Pods-SimplePlayer/Pods-SimplePlayer-resources.sh\"\n";
			showEnvVarsInLog = 0;
		};
		B9CB8718A8944E777D5715D6 /* [CP] Embed Pods Frameworks */ = {
			isa = PBXShellScriptBuildPhase;
			buildActionMask = 2147483647;
			files = (
			);
			inputPaths = (
				"${SRCROOT}/Pods/Target Support Files/Pods-SimplePlayer/Pods-SimplePlayer-frameworks.sh",
				"${BUILT_PRODUCTS_DIR}/Alamofire/Alamofire.framework",
				"${BUILT_PRODUCTS_DIR}/SwiftyJSON/SwiftyJSON.framework",
			);
			name = "[CP] Embed Pods Frameworks";
			outputPaths = (
				"${TARGET_BUILD_DIR}/${FRAMEWORKS_FOLDER_PATH}/Alamofire.framework",
				"${TARGET_BUILD_DIR}/${FRAMEWORKS_FOLDER_PATH}/SwiftyJSON.framework",
			);
			runOnlyForDeploymentPostprocessing = 0;
			shellPath = /bin/sh;
			shellScript = "\"${SRCROOT}/Pods/Target Support Files/Pods-SimplePlayer/Pods-SimplePlayer-frameworks.sh\"\n";
			showEnvVarsInLog = 0;
		};
		D8F810552BA51B87A4278F2D /* [CP] Check Pods Manifest.lock */ = {
			isa = PBXShellScriptBuildPhase;
			buildActionMask = 2147483647;
			files = (
			);
			inputPaths = (
				"${PODS_PODFILE_DIR_PATH}/Podfile.lock",
				"${PODS_ROOT}/Manifest.lock",
			);
			name = "[CP] Check Pods Manifest.lock";
			outputPaths = (
				"$(DERIVED_FILE_DIR)/Pods-SimplePlayer-checkManifestLockResult.txt",
			);
			runOnlyForDeploymentPostprocessing = 0;
			shellPath = /bin/sh;
			shellScript = "diff \"${PODS_PODFILE_DIR_PATH}/Podfile.lock\" \"${PODS_ROOT}/Manifest.lock\" > /dev/null\nif [ $? != 0 ] ; then\n    # print error to STDERR\n    echo \"error: The sandbox is not in sync with the Podfile.lock. Run 'pod install' or update your CocoaPods installation.\" >&2\n    exit 1\nfi\n# This output is used by Xcode 'outputs' to avoid re-running this script phase.\necho \"SUCCESS\" > \"${SCRIPT_OUTPUT_FILE_0}\"\n";
			showEnvVarsInLog = 0;
		};
/* End PBXShellScriptBuildPhase section */

/* Begin PBXSourcesBuildPhase section */
		41875EE52018052D000BE0D3 /* Sources */ = {
			isa = PBXSourcesBuildPhase;
			buildActionMask = 2147483647;
			files = (
				41761FEA201D58170060B175 /* PlaylistController.swift in Sources */,
				41875F0E2018056E000BE0D3 /* Song.swift in Sources */,
				41F23402201D7EA8008F85FA /* PlayerController.swift in Sources */,
				413AFFAC201D8FD50018EAA4 /* PlayerViewInteractive.swift in Sources */,
				41761FF8201D62610060B175 /* Color.swift in Sources */,
				41761FF1201D5FA90060B175 /* PlayerViewAnimator.swift in Sources */,
				41D20D1E201A9F920050A526 /* List2d.swift in Sources */,
				41761FEF201D5C590060B175 /* BaseAnimator.swift in Sources */,
				41875EED2018052D000BE0D3 /* AppDelegate.swift in Sources */,
				41875F0F2018056E000BE0D3 /* Playlist.swift in Sources */,
				41C38ABF201E9F3F00991466 /* Slider.swift in Sources */,
				41761FEC201D58D80060B175 /* RootNavigationController.swift in Sources */,
				41761FE8201D58090060B175 /* PlaylistsController.swift in Sources */,
				41F23405201D7F80008F85FA /* Handle.swift in Sources */,
			);
			runOnlyForDeploymentPostprocessing = 0;
		};
		41D20D09201A9CAF0050A526 /* Sources */ = {
			isa = PBXSourcesBuildPhase;
			buildActionMask = 2147483647;
			files = (
				41D20D20201AA1400050A526 /* List2dTests.swift in Sources */,
			);
			runOnlyForDeploymentPostprocessing = 0;
		};
/* End PBXSourcesBuildPhase section */

/* Begin PBXTargetDependency section */
		41D20D13201A9CAF0050A526 /* PBXTargetDependency */ = {
			isa = PBXTargetDependency;
			target = 41875EE82018052D000BE0D3 /* SimplePlayer */;
			targetProxy = 41D20D12201A9CAF0050A526 /* PBXContainerItemProxy */;
		};
/* End PBXTargetDependency section */

/* Begin PBXVariantGroup section */
		41875EF02018052D000BE0D3 /* Main.storyboard */ = {
			isa = PBXVariantGroup;
			children = (
				41875EF12018052D000BE0D3 /* Base */,
			);
			name = Main.storyboard;
			sourceTree = "<group>";
		};
		41875EF52018052D000BE0D3 /* LaunchScreen.storyboard */ = {
			isa = PBXVariantGroup;
			children = (
				41875EF62018052D000BE0D3 /* Base */,
			);
			name = LaunchScreen.storyboard;
			sourceTree = "<group>";
		};
/* End PBXVariantGroup section */

/* Begin XCBuildConfiguration section */
		41875F042018052D000BE0D3 /* Debug */ = {
			isa = XCBuildConfiguration;
			buildSettings = {
				ALWAYS_SEARCH_USER_PATHS = NO;
				CLANG_ANALYZER_NONNULL = YES;
				CLANG_CXX_LANGUAGE_STANDARD = "gnu++0x";
				CLANG_CXX_LIBRARY = "libc++";
				CLANG_ENABLE_MODULES = YES;
				CLANG_ENABLE_OBJC_ARC = YES;
				CLANG_WARN_BOOL_CONVERSION = YES;
				CLANG_WARN_CONSTANT_CONVERSION = YES;
				CLANG_WARN_DIRECT_OBJC_ISA_USAGE = YES_ERROR;
				CLANG_WARN_DOCUMENTATION_COMMENTS = YES;
				CLANG_WARN_EMPTY_BODY = YES;
				CLANG_WARN_ENUM_CONVERSION = YES;
				CLANG_WARN_INFINITE_RECURSION = YES;
				CLANG_WARN_INT_CONVERSION = YES;
				CLANG_WARN_OBJC_ROOT_CLASS = YES_ERROR;
				CLANG_WARN_SUSPICIOUS_MOVE = YES;
				CLANG_WARN_UNREACHABLE_CODE = YES;
				CLANG_WARN__DUPLICATE_METHOD_MATCH = YES;
				"CODE_SIGN_IDENTITY[sdk=iphoneos*]" = "iPhone Developer";
				COPY_PHASE_STRIP = NO;
				DEBUG_INFORMATION_FORMAT = dwarf;
				ENABLE_STRICT_OBJC_MSGSEND = YES;
				ENABLE_TESTABILITY = YES;
				GCC_C_LANGUAGE_STANDARD = gnu99;
				GCC_DYNAMIC_NO_PIC = NO;
				GCC_NO_COMMON_BLOCKS = YES;
				GCC_OPTIMIZATION_LEVEL = 0;
				GCC_PREPROCESSOR_DEFINITIONS = (
					"DEBUG=1",
					"$(inherited)",
				);
				GCC_WARN_64_TO_32_BIT_CONVERSION = YES;
				GCC_WARN_ABOUT_RETURN_TYPE = YES_ERROR;
				GCC_WARN_UNDECLARED_SELECTOR = YES;
				GCC_WARN_UNINITIALIZED_AUTOS = YES_AGGRESSIVE;
				GCC_WARN_UNUSED_FUNCTION = YES;
				GCC_WARN_UNUSED_VARIABLE = YES;
				IPHONEOS_DEPLOYMENT_TARGET = 8.0;
				MTL_ENABLE_DEBUG_INFO = YES;
				ONLY_ACTIVE_ARCH = YES;
				SDKROOT = iphoneos;
				SWIFT_ACTIVE_COMPILATION_CONDITIONS = DEBUG;
				SWIFT_OPTIMIZATION_LEVEL = "-Onone";
			};
			name = Debug;
		};
		41875F052018052D000BE0D3 /* Release */ = {
			isa = XCBuildConfiguration;
			buildSettings = {
				ALWAYS_SEARCH_USER_PATHS = NO;
				CLANG_ANALYZER_NONNULL = YES;
				CLANG_CXX_LANGUAGE_STANDARD = "gnu++0x";
				CLANG_CXX_LIBRARY = "libc++";
				CLANG_ENABLE_MODULES = YES;
				CLANG_ENABLE_OBJC_ARC = YES;
				CLANG_WARN_BOOL_CONVERSION = YES;
				CLANG_WARN_CONSTANT_CONVERSION = YES;
				CLANG_WARN_DIRECT_OBJC_ISA_USAGE = YES_ERROR;
				CLANG_WARN_DOCUMENTATION_COMMENTS = YES;
				CLANG_WARN_EMPTY_BODY = YES;
				CLANG_WARN_ENUM_CONVERSION = YES;
				CLANG_WARN_INFINITE_RECURSION = YES;
				CLANG_WARN_INT_CONVERSION = YES;
				CLANG_WARN_OBJC_ROOT_CLASS = YES_ERROR;
				CLANG_WARN_SUSPICIOUS_MOVE = YES;
				CLANG_WARN_UNREACHABLE_CODE = YES;
				CLANG_WARN__DUPLICATE_METHOD_MATCH = YES;
				"CODE_SIGN_IDENTITY[sdk=iphoneos*]" = "iPhone Developer";
				COPY_PHASE_STRIP = NO;
				DEBUG_INFORMATION_FORMAT = "dwarf-with-dsym";
				ENABLE_NS_ASSERTIONS = NO;
				ENABLE_STRICT_OBJC_MSGSEND = YES;
				GCC_C_LANGUAGE_STANDARD = gnu99;
				GCC_NO_COMMON_BLOCKS = YES;
				GCC_WARN_64_TO_32_BIT_CONVERSION = YES;
				GCC_WARN_ABOUT_RETURN_TYPE = YES_ERROR;
				GCC_WARN_UNDECLARED_SELECTOR = YES;
				GCC_WARN_UNINITIALIZED_AUTOS = YES_AGGRESSIVE;
				GCC_WARN_UNUSED_FUNCTION = YES;
				GCC_WARN_UNUSED_VARIABLE = YES;
				IPHONEOS_DEPLOYMENT_TARGET = 8.0;
				MTL_ENABLE_DEBUG_INFO = NO;
				SDKROOT = iphoneos;
				SWIFT_OPTIMIZATION_LEVEL = "-Owholemodule";
				VALIDATE_PRODUCT = YES;
			};
			name = Release;
		};
		41875F072018052D000BE0D3 /* Debug */ = {
			isa = XCBuildConfiguration;
			baseConfigurationReference = BE67029302B307FD10D42DED /* Pods-SimplePlayer.debug.xcconfig */;
			buildSettings = {
				ASSETCATALOG_COMPILER_APPICON_NAME = AppIcon;
				DEVELOPMENT_TEAM = 438ES9475K;
				INFOPLIST_FILE = SimplePlayer/Info.plist;
				IPHONEOS_DEPLOYMENT_TARGET = 8.0;
				LD_RUNPATH_SEARCH_PATHS = "$(inherited) @executable_path/Frameworks";
				PRODUCT_BUNDLE_IDENTIFIER = com.vanelizarov.SimplePlayer;
				PRODUCT_NAME = "$(TARGET_NAME)";
				SWIFT_VERSION = 3.0;
			};
			name = Debug;
		};
		41875F082018052D000BE0D3 /* Release */ = {
			isa = XCBuildConfiguration;
			baseConfigurationReference = AB2EFEC633A83278EFA5302F /* Pods-SimplePlayer.release.xcconfig */;
			buildSettings = {
				ASSETCATALOG_COMPILER_APPICON_NAME = AppIcon;
				DEVELOPMENT_TEAM = 438ES9475K;
				INFOPLIST_FILE = SimplePlayer/Info.plist;
				IPHONEOS_DEPLOYMENT_TARGET = 8.0;
				LD_RUNPATH_SEARCH_PATHS = "$(inherited) @executable_path/Frameworks";
				PRODUCT_BUNDLE_IDENTIFIER = com.vanelizarov.SimplePlayer;
				PRODUCT_NAME = "$(TARGET_NAME)";
				SWIFT_VERSION = 3.0;
			};
			name = Release;
		};
		41D20D15201A9CAF0050A526 /* Debug */ = {
			isa = XCBuildConfiguration;
			buildSettings = {
				BUNDLE_LOADER = "$(TEST_HOST)";
				DEVELOPMENT_TEAM = 438ES9475K;
				INFOPLIST_FILE = SimplePlayerTests/Info.plist;
				IPHONEOS_DEPLOYMENT_TARGET = 10.2;
				LD_RUNPATH_SEARCH_PATHS = "$(inherited) @executable_path/Frameworks @loader_path/Frameworks";
				PRODUCT_BUNDLE_IDENTIFIER = com.vanelizarov.SimplePlayerTests;
				PRODUCT_NAME = "$(TARGET_NAME)";
				SWIFT_VERSION = 3.0;
				TEST_HOST = "$(BUILT_PRODUCTS_DIR)/SimplePlayer.app/SimplePlayer";
			};
			name = Debug;
		};
		41D20D16201A9CAF0050A526 /* Release */ = {
			isa = XCBuildConfiguration;
			buildSettings = {
				BUNDLE_LOADER = "$(TEST_HOST)";
				DEVELOPMENT_TEAM = 438ES9475K;
				INFOPLIST_FILE = SimplePlayerTests/Info.plist;
				IPHONEOS_DEPLOYMENT_TARGET = 10.2;
				LD_RUNPATH_SEARCH_PATHS = "$(inherited) @executable_path/Frameworks @loader_path/Frameworks";
				PRODUCT_BUNDLE_IDENTIFIER = com.vanelizarov.SimplePlayerTests;
				PRODUCT_NAME = "$(TARGET_NAME)";
				SWIFT_VERSION = 3.0;
				TEST_HOST = "$(BUILT_PRODUCTS_DIR)/SimplePlayer.app/SimplePlayer";
			};
			name = Release;
		};
/* End XCBuildConfiguration section */

/* Begin XCConfigurationList section */
		41875EE42018052D000BE0D3 /* Build configuration list for PBXProject "SimplePlayer" */ = {
			isa = XCConfigurationList;
			buildConfigurations = (
				41875F042018052D000BE0D3 /* Debug */,
				41875F052018052D000BE0D3 /* Release */,
			);
			defaultConfigurationIsVisible = 0;
			defaultConfigurationName = Release;
		};
		41875F062018052D000BE0D3 /* Build configuration list for PBXNativeTarget "SimplePlayer" */ = {
			isa = XCConfigurationList;
			buildConfigurations = (
				41875F072018052D000BE0D3 /* Debug */,
				41875F082018052D000BE0D3 /* Release */,
			);
			defaultConfigurationIsVisible = 0;
			defaultConfigurationName = Release;
		};
		41D20D14201A9CAF0050A526 /* Build configuration list for PBXNativeTarget "SimplePlayerTests" */ = {
			isa = XCConfigurationList;
			buildConfigurations = (
				41D20D15201A9CAF0050A526 /* Debug */,
				41D20D16201A9CAF0050A526 /* Release */,
			);
			defaultConfigurationIsVisible = 0;
			defaultConfigurationName = Release;
		};
/* End XCConfigurationList section */
	};
	rootObject = 41875EE12018052D000BE0D3 /* Project object */;
}
